
Microsoft Visual Studio Solution File, Format Version 12.00
# Visual Studio Version 17
VisualStudioVersion = 17.11.35303.130
MinimumVisualStudioVersion = 10.0.40219.1
Project("{FAE04EC0-301F-11D3-BF4B-00C04F79EFBC}") = "CurrencyConverter", "CurrencyConverter\CurrencyConverter.csproj", "{A1B34DD6-0EA4-44B6-86C4-753FBC0ADC89}"
EndProject
Global
	GlobalSection(SolutionConfigurationPlatforms) = preSolution
		Debug|Any CPU = Debug|Any CPU
		Release|Any CPU = Release|Any CPU
	EndGlobalSection
	GlobalSection(ProjectConfigurationPlatforms) = postSolution
		{A1B34DD6-0EA4-44B6-86C4-753FBC0ADC89}.Debug|Any CPU.ActiveCfg = Debug|Any CPU
		{A1B34DD6-0EA4-44B6-86C4-753FBC0ADC89}.Debug|Any CPU.Build.0 = Debug|Any CPU
		{A1B34DD6-0EA4-44B6-86C4-753FBC0ADC89}.Release|Any CPU.ActiveCfg = Release|Any CPU
		{A1B34DD6-0EA4-44B6-86C4-753FBC0ADC89}.Release|Any CPU.Build.0 = Release|Any CPU
	EndGlobalSection
	GlobalSection(SolutionProperties) = preSolution
		HideSolutionNode = FALSE
	EndGlobalSection
	GlobalSection(ExtensibilityGlobals) = postSolution
		SolutionGuid = {527D9853-3A3C-4503-8BD9-263BD91DD6F7}
	EndGlobalSection
EndGlobal
